
Microsoft Visual Studio Solution File, Format Version 12.00
# Visual Studio Version 16
VisualStudioVersion = 16.0.31005.135
MinimumVisualStudioVersion = 10.0.40219.1
Project("{FAE04EC0-301F-11D3-BF4B-00C04F79EFBC}") = "AppCalcEtecTerceiro.UWP", "AppCalcEtecTerceiro\AppCalcEtecTerceiro.UWP\AppCalcEtecTerceiro.UWP.csproj", "{487F3CC7-695C-4EF9-9F41-A45C6F355329}"
EndProject
Project("{FAE04EC0-301F-11D3-BF4B-00C04F79EFBC}") = "AppCalcEtecTerceiro.Android", "AppCalcEtecTerceiro\AppCalcEtecTerceiro.Android\AppCalcEtecTerceiro.Android.csproj", "{7C4827A7-3D8A-42B9-8D24-DE7FB2E2BB4E}"
EndProject
Project("{FAE04EC0-301F-11D3-BF4B-00C04F79EFBC}") = "AppCalcEtecTerceiro.iOS", "AppCalcEtecTerceiro\AppCalcEtecTerceiro.iOS\AppCalcEtecTerceiro.iOS.csproj", "{C99C5186-E599-4C4C-8776-BFCD4F705318}"
EndProject
Project("{FAE04EC0-301F-11D3-BF4B-00C04F79EFBC}") = "AppCalcEtecTerceiro", "AppCalcEtecTerceiro\AppCalcEtecTerceiro\AppCalcEtecTerceiro.csproj", "{FBE4C4ED-9339-4669-BA48-1A16A014298D}"
EndProject
Global
	GlobalSection(SolutionConfigurationPlatforms) = preSolution
		Debug|Any CPU = Debug|Any CPU
		Debug|ARM = Debug|ARM
		Debug|iPhone = Debug|iPhone
		Debug|iPhoneSimulator = Debug|iPhoneSimulator
		Debug|x64 = Debug|x64
		Debug|x86 = Debug|x86
		Release|Any CPU = Release|Any CPU
		Release|ARM = Release|ARM
		Release|iPhone = Release|iPhone
		Release|iPhoneSimulator = Release|iPhoneSimulator
		Release|x64 = Release|x64
		Release|x86 = Release|x86
	EndGlobalSection
	GlobalSection(ProjectConfigurationPlatforms) = postSolution
		{487F3CC7-695C-4EF9-9F41-A45C6F355329}.Debug|Any CPU.ActiveCfg = Debug|x86
		{487F3CC7-695C-4EF9-9F41-A45C6F355329}.Debug|Any CPU.Build.0 = Debug|x86
		{487F3CC7-695C-4EF9-9F41-A45C6F355329}.Debug|Any CPU.Deploy.0 = Debug|x86
		{487F3CC7-695C-4EF9-9F41-A45C6F355329}.Debug|ARM.ActiveCfg = Debug|ARM
		{487F3CC7-695C-4EF9-9F41-A45C6F355329}.Debug|ARM.Build.0 = Debug|ARM
		{487F3CC7-695C-4EF9-9F41-A45C6F355329}.Debug|ARM.Deploy.0 = Debug|ARM
		{487F3CC7-695C-4EF9-9F41-A45C6F355329}.Debug|iPhone.ActiveCfg = Debug|x86
		{487F3CC7-695C-4EF9-9F41-A45C6F355329}.Debug|iPhone.Build.0 = Debug|x86
		{487F3CC7-695C-4EF9-9F41-A45C6F355329}.Debug|iPhone.Deploy.0 = Debug|x86
		{487F3CC7-695C-4EF9-9F41-A45C6F355329}.Debug|iPhoneSimulator.ActiveCfg = Debug|x86
		{487F3CC7-695C-4EF9-9F41-A45C6F355329}.Debug|iPhoneSimulator.Build.0 = Debug|x86
		{487F3CC7-695C-4EF9-9F41-A45C6F355329}.Debug|iPhoneSimulator.Deploy.0 = Debug|x86
		{487F3CC7-695C-4EF9-9F41-A45C6F355329}.Debug|x64.ActiveCfg = Debug|x64
		{487F3CC7-695C-4EF9-9F41-A45C6F355329}.Debug|x64.Build.0 = Debug|x64
		{487F3CC7-695C-4EF9-9F41-A45C6F355329}.Debug|x64.Deploy.0 = Debug|x64
		{487F3CC7-695C-4EF9-9F41-A45C6F355329}.Debug|x86.ActiveCfg = Debug|x86
		{487F3CC7-695C-4EF9-9F41-A45C6F355329}.Debug|x86.Build.0 = Debug|x86
		{487F3CC7-695C-4EF9-9F41-A45C6F355329}.Debug|x86.Deploy.0 = Debug|x86
		{487F3CC7-695C-4EF9-9F41-A45C6F355329}.Release|Any CPU.ActiveCfg = Release|x86
		{487F3CC7-695C-4EF9-9F41-A45C6F355329}.Release|Any CPU.Build.0 = Release|x86
		{487F3CC7-695C-4EF9-9F41-A45C6F355329}.Release|Any CPU.Deploy.0 = Release|x86
		{487F3CC7-695C-4EF9-9F41-A45C6F355329}.Release|ARM.ActiveCfg = Release|ARM
		{487F3CC7-695C-4EF9-9F41-A45C6F355329}.Release|ARM.Build.0 = Release|ARM
		{487F3CC7-695C-4EF9-9F41-A45C6F355329}.Release|ARM.Deploy.0 = Release|ARM
		{487F3CC7-695C-4EF9-9F41-A45C6F355329}.Release|iPhone.ActiveCfg = Release|x86
		{487F3CC7-695C-4EF9-9F41-A45C6F355329}.Release|iPhone.Build.0 = Release|x86
		{487F3CC7-695C-4EF9-9F41-A45C6F355329}.Release|iPhone.Deploy.0 = Release|x86
		{487F3CC7-695C-4EF9-9F41-A45C6F355329}.Release|iPhoneSimulator.ActiveCfg = Release|x86
		{487F3CC7-695C-4EF9-9F41-A45C6F355329}.Release|iPhoneSimulator.Build.0 = Release|x86
		{487F3CC7-695C-4EF9-9F41-A45C6F355329}.Release|iPhoneSimulator.Deploy.0 = Release|x86
		{487F3CC7-695C-4EF9-9F41-A45C6F355329}.Release|x64.ActiveCfg = Release|x64
		{487F3CC7-695C-4EF9-9F41-A45C6F355329}.Release|x64.Build.0 = Release|x64
		{487F3CC7-695C-4EF9-9F41-A45C6F355329}.Release|x64.Deploy.0 = Release|x64
		{487F3CC7-695C-4EF9-9F41-A45C6F355329}.Release|x86.ActiveCfg = Release|x86
		{487F3CC7-695C-4EF9-9F41-A45C6F355329}.Release|x86.Build.0 = Release|x86
		{487F3CC7-695C-4EF9-9F41-A45C6F355329}.Release|x86.Deploy.0 = Release|x86
		{7C4827A7-3D8A-42B9-8D24-DE7FB2E2BB4E}.Debug|Any CPU.ActiveCfg = Debug|Any CPU
		{7C4827A7-3D8A-42B9-8D24-DE7FB2E2BB4E}.Debug|Any CPU.Build.0 = Debug|Any CPU
		{7C4827A7-3D8A-42B9-8D24-DE7FB2E2BB4E}.Debug|Any CPU.Deploy.0 = Debug|Any CPU
		{7C4827A7-3D8A-42B9-8D24-DE7FB2E2BB4E}.Debug|ARM.ActiveCfg = Debug|Any CPU
		{7C4827A7-3D8A-42B9-8D24-DE7FB2E2BB4E}.Debug|ARM.Build.0 = Debug|Any CPU
		{7C4827A7-3D8A-42B9-8D24-DE7FB2E2BB4E}.Debug|ARM.Deploy.0 = Debug|Any CPU
		{7C4827A7-3D8A-42B9-8D24-DE7FB2E2BB4E}.Debug|iPhone.ActiveCfg = Debug|Any CPU
		{7C4827A7-3D8A-42B9-8D24-DE7FB2E2BB4E}.Debug|iPhone.Build.0 = Debug|Any CPU
		{7C4827A7-3D8A-42B9-8D24-DE7FB2E2BB4E}.Debug|iPhone.Deploy.0 = Debug|Any CPU
		{7C4827A7-3D8A-42B9-8D24-DE7FB2E2BB4E}.Debug|iPhoneSimulator.ActiveCfg = Debug|Any CPU
		{7C4827A7-3D8A-42B9-8D24-DE7FB2E2BB4E}.Debug|iPhoneSimulator.Build.0 = Debug|Any CPU
		{7C4827A7-3D8A-42B9-8D24-DE7FB2E2BB4E}.Debug|iPhoneSimulator.Deploy.0 = Debug|Any CPU
		{7C4827A7-3D8A-42B9-8D24-DE7FB2E2BB4E}.Debug|x64.ActiveCfg = Debug|Any CPU
		{7C4827A7-3D8A-42B9-8D24-DE7FB2E2BB4E}.Debug|x64.Build.0 = Debug|Any CPU
		{7C4827A7-3D8A-42B9-8D24-DE7FB2E2BB4E}.Debug|x64.Deploy.0 = Debug|Any CPU
		{7C4827A7-3D8A-42B9-8D24-DE7FB2E2BB4E}.Debug|x86.ActiveCfg = Debug|Any CPU
		{7C4827A7-3D8A-42B9-8D24-DE7FB2E2BB4E}.Debug|x86.Build.0 = Debug|Any CPU
		{7C4827A7-3D8A-42B9-8D24-DE7FB2E2BB4E}.Debug|x86.Deploy.0 = Debug|Any CPU
		{7C4827A7-3D8A-42B9-8D24-DE7FB2E2BB4E}.Release|Any CPU.ActiveCfg = Release|Any CPU
		{7C4827A7-3D8A-42B9-8D24-DE7FB2E2BB4E}.Release|Any CPU.Build.0 = Release|Any CPU
		{7C4827A7-3D8A-42B9-8D24-DE7FB2E2BB4E}.Release|Any CPU.Deploy.0 = Release|Any CPU
		{7C4827A7-3D8A-42B9-8D24-DE7FB2E2BB4E}.Release|ARM.ActiveCfg = Release|Any CPU
		{7C4827A7-3D8A-42B9-8D24-DE7FB2E2BB4E}.Release|ARM.Build.0 = Release|Any CPU
		{7C4827A7-3D8A-42B9-8D24-DE7FB2E2BB4E}.Release|ARM.Deploy.0 = Release|Any CPU
		{7C4827A7-3D8A-42B9-8D24-DE7FB2E2BB4E}.Release|iPhone.ActiveCfg = Release|Any CPU
		{7C4827A7-3D8A-42B9-8D24-DE7FB2E2BB4E}.Release|iPhone.Build.0 = Release|Any CPU
		{7C4827A7-3D8A-42B9-8D24-DE7FB2E2BB4E}.Release|iPhone.Deploy.0 = Release|Any CPU
		{7C4827A7-3D8A-42B9-8D24-DE7FB2E2BB4E}.Release|iPhoneSimulator.ActiveCfg = Release|Any CPU
		{7C4827A7-3D8A-42B9-8D24-DE7FB2E2BB4E}.Release|iPhoneSimulator.Build.0 = Release|Any CPU
		{7C4827A7-3D8A-42B9-8D24-DE7FB2E2BB4E}.Release|iPhoneSimulator.Deploy.0 = Release|Any CPU
		{7C4827A7-3D8A-42B9-8D24-DE7FB2E2BB4E}.Release|x64.ActiveCfg = Release|Any CPU
		{7C4827A7-3D8A-42B9-8D24-DE7FB2E2BB4E}.Release|x64.Build.0 = Release|Any CPU
		{7C4827A7-3D8A-42B9-8D24-DE7FB2E2BB4E}.Release|x64.Deploy.0 = Release|Any CPU
		{7C4827A7-3D8A-42B9-8D24-DE7FB2E2BB4E}.Release|x86.ActiveCfg = Release|Any CPU
		{7C4827A7-3D8A-42B9-8D24-DE7FB2E2BB4E}.Release|x86.Build.0 = Release|Any CPU
		{7C4827A7-3D8A-42B9-8D24-DE7FB2E2BB4E}.Release|x86.Deploy.0 = Release|Any CPU
		{C99C5186-E599-4C4C-8776-BFCD4F705318}.Debug|Any CPU.ActiveCfg = Debug|iPhoneSimulator
		{C99C5186-E599-4C4C-8776-BFCD4F705318}.Debug|Any CPU.Build.0 = Debug|iPhoneSimulator
		{C99C5186-E599-4C4C-8776-BFCD4F705318}.Debug|Any CPU.Deploy.0 = Debug|iPhoneSimulator
		{C99C5186-E599-4C4C-8776-BFCD4F705318}.Debug|ARM.ActiveCfg = Debug|iPhone
		{C99C5186-E599-4C4C-8776-BFCD4F705318}.Debug|ARM.Build.0 = Debug|iPhone
		{C99C5186-E599-4C4C-8776-BFCD4F705318}.Debug|ARM.Deploy.0 = Debug|iPhone
		{C99C5186-E599-4C4C-8776-BFCD4F705318}.Debug|iPhone.ActiveCfg = Debug|iPhone
		{C99C5186-E599-4C4C-8776-BFCD4F705318}.Debug|iPhone.Build.0 = Debug|iPhone
		{C99C5186-E599-4C4C-8776-BFCD4F705318}.Debug|iPhone.Deploy.0 = Debug|iPhone
		{C99C5186-E599-4C4C-8776-BFCD4F705318}.Debug|iPhoneSimulator.ActiveCfg = Debug|iPhoneSimulator
		{C99C5186-E599-4C4C-8776-BFCD4F705318}.Debug|iPhoneSimulator.Build.0 = Debug|iPhoneSimulator
		{C99C5186-E599-4C4C-8776-BFCD4F705318}.Debug|iPhoneSimulator.Deploy.0 = Debug|iPhoneSimulator
		{C99C5186-E599-4C4C-8776-BFCD4F705318}.Debug|x64.ActiveCfg = Debug|iPhoneSimulator
		{C99C5186-E599-4C4C-8776-BFCD4F705318}.Debug|x64.Build.0 = Debug|iPhoneSimulator
		{C99C5186-E599-4C4C-8776-BFCD4F705318}.Debug|x64.Deploy.0 = Debug|iPhoneSimulator
		{C99C5186-E599-4C4C-8776-BFCD4F705318}.Debug|x86.ActiveCfg = Debug|iPhoneSimulator
		{C99C5186-E599-4C4C-8776-BFCD4F705318}.Debug|x86.Build.0 = Debug|iPhoneSimulator
		{C99C5186-E599-4C4C-8776-BFCD4F705318}.Debug|x86.Deploy.0 = Debug|iPhoneSimulator
		{C99C5186-E599-4C4C-8776-BFCD4F705318}.Release|Any CPU.ActiveCfg = Release|iPhoneSimulator
		{C99C5186-E599-4C4C-8776-BFCD4F705318}.Release|Any CPU.Build.0 = Release|iPhoneSimulator
		{C99C5186-E599-4C4C-8776-BFCD4F705318}.Release|Any CPU.Deploy.0 = Release|iPhoneSimulator
		{C99C5186-E599-4C4C-8776-BFCD4F705318}.Release|ARM.ActiveCfg = Release|iPhoneSimulator
		{C99C5186-E599-4C4C-8776-BFCD4F705318}.Release|ARM.Build.0 = Release|iPhoneSimulator
		{C99C5186-E599-4C4C-8776-BFCD4F705318}.Release|ARM.Deploy.0 = Release|iPhoneSimulator
		{C99C5186-E599-4C4C-8776-BFCD4F705318}.Release|iPhone.ActiveCfg = Release|iPhone
		{C99C5186-E599-4C4C-8776-BFCD4F705318}.Release|iPhone.Build.0 = Release|iPhone
		{C99C5186-E599-4C4C-8776-BFCD4F705318}.Release|iPhone.Deploy.0 = Release|iPhone
		{C99C5186-E599-4C4C-8776-BFCD4F705318}.Release|iPhoneSimulator.ActiveCfg = Release|iPhoneSimulator
		{C99C5186-E599-4C4C-8776-BFCD4F705318}.Release|iPhoneSimulator.Build.0 = Release|iPhoneSimulator
		{C99C5186-E599-4C4C-8776-BFCD4F705318}.Release|iPhoneSimulator.Deploy.0 = Release|iPhoneSimulator
		{C99C5186-E599-4C4C-8776-BFCD4F705318}.Release|x64.ActiveCfg = Release|iPhoneSimulator
		{C99C5186-E599-4C4C-8776-BFCD4F705318}.Release|x64.Build.0 = Release|iPhoneSimulator
		{C99C5186-E599-4C4C-8776-BFCD4F705318}.Release|x64.Deploy.0 = Release|iPhoneSimulator
		{C99C5186-E599-4C4C-8776-BFCD4F705318}.Release|x86.ActiveCfg = Release|iPhoneSimulator
		{C99C5186-E599-4C4C-8776-BFCD4F705318}.Release|x86.Build.0 = Release|iPhoneSimulator
		{C99C5186-E599-4C4C-8776-BFCD4F705318}.Release|x86.Deploy.0 = Release|iPhoneSimulator
		{FBE4C4ED-9339-4669-BA48-1A16A014298D}.Debug|Any CPU.ActiveCfg = Debug|Any CPU
		{FBE4C4ED-9339-4669-BA48-1A16A014298D}.Debug|Any CPU.Build.0 = Debug|Any CPU
		{FBE4C4ED-9339-4669-BA48-1A16A014298D}.Debug|Any CPU.Deploy.0 = Debug|Any CPU
		{FBE4C4ED-9339-4669-BA48-1A16A014298D}.Debug|ARM.ActiveCfg = Debug|Any CPU
		{FBE4C4ED-9339-4669-BA48-1A16A014298D}.Debug|ARM.Build.0 = Debug|Any CPU
		{FBE4C4ED-9339-4669-BA48-1A16A014298D}.Debug|ARM.Deploy.0 = Debug|Any CPU
		{FBE4C4ED-9339-4669-BA48-1A16A014298D}.Debug|iPhone.ActiveCfg = Debug|Any CPU
		{FBE4C4ED-9339-4669-BA48-1A16A014298D}.Debug|iPhone.Build.0 = Debug|Any CPU
		{FBE4C4ED-9339-4669-BA48-1A16A014298D}.Debug|iPhone.Deploy.0 = Debug|Any CPU
		{FBE4C4ED-9339-4669-BA48-1A16A014298D}.Debug|iPhoneSimulator.ActiveCfg = Debug|Any CPU
		{FBE4C4ED-9339-4669-BA48-1A16A014298D}.Debug|iPhoneSimulator.Build.0 = Debug|Any CPU
		{FBE4C4ED-9339-4669-BA48-1A16A014298D}.Debug|iPhoneSimulator.Deploy.0 = Debug|Any CPU
		{FBE4C4ED-9339-4669-BA48-1A16A014298D}.Debug|x64.ActiveCfg = Debug|Any CPU
		{FBE4C4ED-9339-4669-BA48-1A16A014298D}.Debug|x64.Build.0 = Debug|Any CPU
		{FBE4C4ED-9339-4669-BA48-1A16A014298D}.Debug|x64.Deploy.0 = Debug|Any CPU
		{FBE4C4ED-9339-4669-BA48-1A16A014298D}.Debug|x86.ActiveCfg = Debug|Any CPU
		{FBE4C4ED-9339-4669-BA48-1A16A014298D}.Debug|x86.Build.0 = Debug|Any CPU
		{FBE4C4ED-9339-4669-BA48-1A16A014298D}.Debug|x86.Deploy.0 = Debug|Any CPU
		{FBE4C4ED-9339-4669-BA48-1A16A014298D}.Release|Any CPU.ActiveCfg = Release|Any CPU
		{FBE4C4ED-9339-4669-BA48-1A16A014298D}.Release|Any CPU.Build.0 = Release|Any CPU
		{FBE4C4ED-9339-4669-BA48-1A16A014298D}.Release|Any CPU.Deploy.0 = Release|Any CPU
		{FBE4C4ED-9339-4669-BA48-1A16A014298D}.Release|ARM.ActiveCfg = Release|Any CPU
		{FBE4C4ED-9339-4669-BA48-1A16A014298D}.Release|ARM.Build.0 = Release|Any CPU
		{FBE4C4ED-9339-4669-BA48-1A16A014298D}.Release|ARM.Deploy.0 = Release|Any CPU
		{FBE4C4ED-9339-4669-BA48-1A16A014298D}.Release|iPhone.ActiveCfg = Release|Any CPU
		{FBE4C4ED-9339-4669-BA48-1A16A014298D}.Release|iPhone.Build.0 = Release|Any CPU
		{FBE4C4ED-9339-4669-BA48-1A16A014298D}.Release|iPhone.Deploy.0 = Release|Any CPU
		{FBE4C4ED-9339-4669-BA48-1A16A014298D}.Release|iPhoneSimulator.ActiveCfg = Release|Any CPU
		{FBE4C4ED-9339-4669-BA48-1A16A014298D}.Release|iPhoneSimulator.Build.0 = Release|Any CPU
		{FBE4C4ED-9339-4669-BA48-1A16A014298D}.Release|iPhoneSimulator.Deploy.0 = Release|Any CPU
		{FBE4C4ED-9339-4669-BA48-1A16A014298D}.Release|x64.ActiveCfg = Release|Any CPU
		{FBE4C4ED-9339-4669-BA48-1A16A014298D}.Release|x64.Build.0 = Release|Any CPU
		{FBE4C4ED-9339-4669-BA48-1A16A014298D}.Release|x64.Deploy.0 = Release|Any CPU
		{FBE4C4ED-9339-4669-BA48-1A16A014298D}.Release|x86.ActiveCfg = Release|Any CPU
		{FBE4C4ED-9339-4669-BA48-1A16A014298D}.Release|x86.Build.0 = Release|Any CPU
		{FBE4C4ED-9339-4669-BA48-1A16A014298D}.Release|x86.Deploy.0 = Release|Any CPU
	EndGlobalSection
	GlobalSection(SolutionProperties) = preSolution
		HideSolutionNode = FALSE
	EndGlobalSection
	GlobalSection(ExtensibilityGlobals) = postSolution
		SolutionGuid = {67ED299B-686C-455F-93CD-092A9F2AC36B}
	EndGlobalSection
EndGlobal
